DEPENDENCIES
  dmg
  homebrew
  mac_os_x
  wp-cli
    git: https://github.com/makotokw/cookbook-wp-cli
    revision: 03978e4467ee8ce6925c35a4ac68266674240f5e

GRAPH
  build-essential (3.2.0)
    seven_zip (>= 0.0.0)
  chef_handler (1.3.0)
  dmg (2.4.0)
  homebrew (2.1.0)
    build-essential (>= 2.1.2)
  mac_os_x (1.4.6)
  seven_zip (2.0.0)
    windows (>= 1.2.2)
  windows (1.40.0)
    chef_handler (>= 0.0.0)
  wp-cli (0.2.1)
